
Microsoft Visual Studio Solution File, Format Version 12.00
# Visual Studio Version 17
VisualStudioVersion = 17.5.33530.505
MinimumVisualStudioVersion = 10.0.40219.1
Project("{2150E333-8FDC-42A3-9474-1A3956D46DE8}") = "Src", "Src", "{975AED15-C3E5-482B-BD65-FBB8538CC299}"
EndProject
Project("{2150E333-8FDC-42A3-9474-1A3956D46DE8}") = "Core", "Core", "{2C956E49-4E3F-4BC1-8DB2-51292A3EC82B}"
EndProject
Project("{2150E333-8FDC-42A3-9474-1A3956D46DE8}") = "Infraestructure", "Infraestructure", "{F43DADAF-BB3C-40DD-8EA2-C1ABFBBBD0B2}"
EndProject
Project("{2150E333-8FDC-42A3-9474-1A3956D46DE8}") = "Presentation", "Presentation", "{B3DB4F2D-453E-40E1-AD04-7728E84E3101}"
EndProject
Project("{FAE04EC0-301F-11D3-BF4B-00C04F79EFBC}") = "Application", "Application\Application.csproj", "{0497F983-2F72-437F-8F53-ECC06AF76D1F}"
EndProject
Project("{FAE04EC0-301F-11D3-BF4B-00C04F79EFBC}") = "Domain", "Domain\Domain.csproj", "{43E32905-425E-4928-9838-1C04844875BE}"
EndProject
Project("{FAE04EC0-301F-11D3-BF4B-00C04F79EFBC}") = "Persistence", "Persistence\Persistence.csproj", "{6801DC26-174C-438C-8D92-9BB905DDC0DE}"
EndProject
Project("{FAE04EC0-301F-11D3-BF4B-00C04F79EFBC}") = "Shared", "Shared\Shared.csproj", "{85D0C4E4-D2AF-40A4-97E3-E5B3DD163234}"
EndProject
Project("{FAE04EC0-301F-11D3-BF4B-00C04F79EFBC}") = "WebApi", "WebApi\WebApi.csproj", "{C605D0E4-A0C5-4E08-B10E-6E5932CCEF7F}"
EndProject
Global
	GlobalSection(SolutionConfigurationPlatforms) = preSolution
		Debug|Any CPU = Debug|Any CPU
		Release|Any CPU = Release|Any CPU
	EndGlobalSection
	GlobalSection(ProjectConfigurationPlatforms) = postSolution
		{0497F983-2F72-437F-8F53-ECC06AF76D1F}.Debug|Any CPU.ActiveCfg = Debug|Any CPU
		{0497F983-2F72-437F-8F53-ECC06AF76D1F}.Debug|Any CPU.Build.0 = Debug|Any CPU
		{0497F983-2F72-437F-8F53-ECC06AF76D1F}.Release|Any CPU.ActiveCfg = Release|Any CPU
		{0497F983-2F72-437F-8F53-ECC06AF76D1F}.Release|Any CPU.Build.0 = Release|Any CPU
		{43E32905-425E-4928-9838-1C04844875BE}.Debug|Any CPU.ActiveCfg = Debug|Any CPU
		{43E32905-425E-4928-9838-1C04844875BE}.Debug|Any CPU.Build.0 = Debug|Any CPU
		{43E32905-425E-4928-9838-1C04844875BE}.Release|Any CPU.ActiveCfg = Release|Any CPU
		{43E32905-425E-4928-9838-1C04844875BE}.Release|Any CPU.Build.0 = Release|Any CPU
		{6801DC26-174C-438C-8D92-9BB905DDC0DE}.Debug|Any CPU.ActiveCfg = Debug|Any CPU
		{6801DC26-174C-438C-8D92-9BB905DDC0DE}.Debug|Any CPU.Build.0 = Debug|Any CPU
		{6801DC26-174C-438C-8D92-9BB905DDC0DE}.Release|Any CPU.ActiveCfg = Release|Any CPU
		{6801DC26-174C-438C-8D92-9BB905DDC0DE}.Release|Any CPU.Build.0 = Release|Any CPU
		{85D0C4E4-D2AF-40A4-97E3-E5B3DD163234}.Debug|Any CPU.ActiveCfg = Debug|Any CPU
		{85D0C4E4-D2AF-40A4-97E3-E5B3DD163234}.Debug|Any CPU.Build.0 = Debug|Any CPU
		{85D0C4E4-D2AF-40A4-97E3-E5B3DD163234}.Release|Any CPU.ActiveCfg = Release|Any CPU
		{85D0C4E4-D2AF-40A4-97E3-E5B3DD163234}.Release|Any CPU.Build.0 = Release|Any CPU
		{C605D0E4-A0C5-4E08-B10E-6E5932CCEF7F}.Debug|Any CPU.ActiveCfg = Debug|Any CPU
		{C605D0E4-A0C5-4E08-B10E-6E5932CCEF7F}.Debug|Any CPU.Build.0 = Debug|Any CPU
		{C605D0E4-A0C5-4E08-B10E-6E5932CCEF7F}.Release|Any CPU.ActiveCfg = Release|Any CPU
		{C605D0E4-A0C5-4E08-B10E-6E5932CCEF7F}.Release|Any CPU.Build.0 = Release|Any CPU
	EndGlobalSection
	GlobalSection(SolutionProperties) = preSolution
		HideSolutionNode = FALSE
	EndGlobalSection
	GlobalSection(NestedProjects) = preSolution
		{2C956E49-4E3F-4BC1-8DB2-51292A3EC82B} = {975AED15-C3E5-482B-BD65-FBB8538CC299}
		{F43DADAF-BB3C-40DD-8EA2-C1ABFBBBD0B2} = {975AED15-C3E5-482B-BD65-FBB8538CC299}
		{B3DB4F2D-453E-40E1-AD04-7728E84E3101} = {975AED15-C3E5-482B-BD65-FBB8538CC299}
		{0497F983-2F72-437F-8F53-ECC06AF76D1F} = {2C956E49-4E3F-4BC1-8DB2-51292A3EC82B}
		{43E32905-425E-4928-9838-1C04844875BE} = {2C956E49-4E3F-4BC1-8DB2-51292A3EC82B}
		{6801DC26-174C-438C-8D92-9BB905DDC0DE} = {F43DADAF-BB3C-40DD-8EA2-C1ABFBBBD0B2}
		{85D0C4E4-D2AF-40A4-97E3-E5B3DD163234} = {F43DADAF-BB3C-40DD-8EA2-C1ABFBBBD0B2}
		{C605D0E4-A0C5-4E08-B10E-6E5932CCEF7F} = {B3DB4F2D-453E-40E1-AD04-7728E84E3101}
	EndGlobalSection
	GlobalSection(ExtensibilityGlobals) = postSolution
		SolutionGuid = {C60CBF2A-2C54-4320-97DD-7C2E1A20CAC9}
	EndGlobalSection
EndGlobal
